# THIS IS AN AUTOGENERATED FILE. DO NOT EDIT THIS FILE DIRECTLY.
# yarn lockfile v1


angular-formly-templates-bootstrap@^6.5.1:
  version "6.5.1"
  resolved "https://registry.yarnpkg.com/angular-formly-templates-bootstrap/-/angular-formly-templates-bootstrap-6.5.1.tgz#d9399d33a80245c6ec94b213b3e13d0e6a415e43"

angular-formly@^8.4.1:
  version "8.4.1"
  resolved "https://registry.yarnpkg.com/angular-formly/-/angular-formly-8.4.1.tgz#5f89c8a1bef42ba0139f3a8a0d5b2c93713601af"

angular@1.5.10:
  version "1.5.10"
  resolved "https://registry.yarnpkg.com/angular/-/angular-1.5.10.tgz#e87fd35b2ed2fea3723de958e9ccf0a4b9125ef0"

api-check@^7.5.5:
  version "7.5.5"
  resolved "https://registry.yarnpkg.com/api-check/-/api-check-7.5.5.tgz#974b6d3e0ce1685d19bde22bf49d9830394c9498"

bootstrap@3.3.2:
  version "3.3.2"
  resolved "https://registry.yarnpkg.com/bootstrap/-/bootstrap-3.3.2.tgz#43b0283dfb2ac83b12cd3dc1f4238f5042ed02cc"

jquery@^3.3.1:
  version "3.3.1"
  resolved "https://registry.yarnpkg.com/jquery/-/jquery-3.3.1.tgz#958ce29e81c9790f31be7792df5d4d95fc57fbca"
